
Microsoft Visual Studio Solution File, Format Version 12.00
# Visual Studio Version 16
VisualStudioVersion = 16.0.32228.343
MinimumVisualStudioVersion = 10.0.40219.1
Project("{FAE04EC0-301F-11D3-BF4B-00C04F79EFBC}") = "CSharpInNutshell", "CSharpInNutshell\CSharpInNutshell.csproj", "{1AE99E84-D168-4E3D-9CBF-0F441B991B42}"
EndProject
Project("{FAE04EC0-301F-11D3-BF4B-00C04F79EFBC}") = "OOP", "OOP\OOP.csproj", "{10534891-2082-4003-899A-99E1DFC0076A}"
EndProject
Global
	GlobalSection(SolutionConfigurationPlatforms) = preSolution
		Debug|Any CPU = Debug|Any CPU
		Release|Any CPU = Release|Any CPU
	EndGlobalSection
	GlobalSection(ProjectConfigurationPlatforms) = postSolution
		{1AE99E84-D168-4E3D-9CBF-0F441B991B42}.Debug|Any CPU.ActiveCfg = Debug|Any CPU
		{1AE99E84-D168-4E3D-9CBF-0F441B991B42}.Debug|Any CPU.Build.0 = Debug|Any CPU
		{1AE99E84-D168-4E3D-9CBF-0F441B991B42}.Release|Any CPU.ActiveCfg = Release|Any CPU
		{1AE99E84-D168-4E3D-9CBF-0F441B991B42}.Release|Any CPU.Build.0 = Release|Any CPU
		{10534891-2082-4003-899A-99E1DFC0076A}.Debug|Any CPU.ActiveCfg = Debug|Any CPU
		{10534891-2082-4003-899A-99E1DFC0076A}.Debug|Any CPU.Build.0 = Debug|Any CPU
		{10534891-2082-4003-899A-99E1DFC0076A}.Release|Any CPU.ActiveCfg = Release|Any CPU
		{10534891-2082-4003-899A-99E1DFC0076A}.Release|Any CPU.Build.0 = Release|Any CPU
	EndGlobalSection
	GlobalSection(SolutionProperties) = preSolution
		HideSolutionNode = FALSE
	EndGlobalSection
	GlobalSection(ExtensibilityGlobals) = postSolution
		SolutionGuid = {42CD0F43-10A1-4583-B90A-F8B6DC93F194}
	EndGlobalSection
EndGlobal
